github.com/goombaio/orderedmap v0.0.0-20180909122926-bcb33a330965 h1:B5j5Xc220Wek927iQU58XPVBgqffiDYJ/WbCT+xSniI=
github.com/goombaio/orderedmap v0.0.0-20180909122926-bcb33a330965/go.mod h1:YKu81H3RSd1cFh0d7NhvUoTtUC9IY/vBX0WUQb1/o4Y=
github.com/goombaio/orderedmap v0.0.0-20180909154953-8a7ec76cbbe3 h1:ABSucEdEQcCepb3UINY4BOAzE4BVv5tJFtEBy+PtxPc=
github.com/goombaio/orderedmap v0.0.0-20180909154953-8a7ec76cbbe3/go.mod h1:YKu81H3RSd1cFh0d7NhvUoTtUC9IY/vBX0WUQb1/o4Y=
